// !$*UTF8*$!
{
	archiveVersion = 1;
	classes = {
	};
	objectVersion = 48;
	objects = {

/* Begin PBXBuildFile section */
		36BFFD01524845461638D909 /* libPods-drumpad.a in Frameworks */ = {isa = PBXBuildFile; fileRef = CEFE84DF7956519BAA27E3BE /* libPods-drumpad.a */; };
		B04B5B7C2058532C00FBF999 /* AppDelegate.swift in Sources */ = {isa = PBXBuildFile; fileRef = B04B5B7B2058532C00FBF999 /* AppDelegate.swift */; };
		B04B5B7E2058532C00FBF999 /* DrumPadViewController.swift in Sources */ = {isa = PBXBuildFile; fileRef = B04B5B7D2058532C00FBF999 /* DrumPadViewController.swift */; };
		B04B5B812058532C00FBF999 /* Main.storyboard in Resources */ = {isa = PBXBuildFile; fileRef = B04B5B7F2058532C00FBF999 /* Main.storyboard */; };
		B04B5B832058532C00FBF999 /* Assets.xcassets in Resources */ = {isa = PBXBuildFile; fileRef = B04B5B822058532C00FBF999 /* Assets.xcassets */; };
		B04B5B862058532C00FBF999 /* LaunchScreen.storyboard in Resources */ = {isa = PBXBuildFile; fileRef = B04B5B842058532C00FBF999 /* LaunchScreen.storyboard */; };
		B0813DFA2081AA9800979347 /* DrumPadViewModel.swift in Sources */ = {isa = PBXBuildFile; fileRef = B0813DF92081AA9700979347 /* DrumPadViewModel.swift */; };
		B081CA062081C1BE00F7732A /* DrumPadCollectionViewCell.swift in Sources */ = {isa = PBXBuildFile; fileRef = B081CA042081C1BE00F7732A /* DrumPadCollectionViewCell.swift */; };
		B08FA2D92081A6E400700D93 /* DrumPadViewController+UICollectionView.swift in Sources */ = {isa = PBXBuildFile; fileRef = B08FA2D82081A6E400700D93 /* DrumPadViewController+UICollectionView.swift */; };
		B0B3E3A22083E73800275C1E /* kick.wav in Resources */ = {isa = PBXBuildFile; fileRef = B0B3E3A12083E73800275C1E /* kick.wav */; };
		B0B3E3A42083EB3B00275C1E /* DrumPadCollectionViewFlowLayout.swift in Sources */ = {isa = PBXBuildFile; fileRef = B0B3E3A32083EB3B00275C1E /* DrumPadCollectionViewFlowLayout.swift */; };
		B0E27AE120740AEE0035EA19 /* UIColor.swift in Sources */ = {isa = PBXBuildFile; fileRef = B0E27AE020740AEE0035EA19 /* UIColor.swift */; };
		B0E27AE52075223B0035EA19 /* AudioSampler.swift in Sources */ = {isa = PBXBuildFile; fileRef = B0E27AE42075223B0035EA19 /* AudioSampler.swift */; };
/* End PBXBuildFile section */

/* Begin PBXFileReference section */
		391380ABF586372BA59AAE89 /* Pods-drumpad.release.xcconfig */ = {isa = PBXFileReference; includeInIndex = 1; lastKnownFileType = text.xcconfig; name = "Pods-drumpad.release.xcconfig"; path = "Pods/Target Support Files/Pods-drumpad/Pods-drumpad.release.xcconfig"; sourceTree = "<group>"; };
		B04B5B782058532C00FBF999 /* drumpad.app */ = {isa = PBXFileReference; explicitFileType = wrapper.application; includeInIndex = 0; path = drumpad.app; sourceTree = BUILT_PRODUCTS_DIR; };
		B04B5B7B2058532C00FBF999 /* AppDelegate.swift */ = {isa = PBXFileReference; lastKnownFileType = sourcecode.swift; path = AppDelegate.swift; sourceTree = "<group>"; };
		B04B5B7D2058532C00FBF999 /* DrumPadViewController.swift */ = {isa = PBXFileReference; lastKnownFileType = sourcecode.swift; path = DrumPadViewController.swift; sourceTree = "<group>"; };
		B04B5B802058532C00FBF999 /* Base */ = {isa = PBXFileReference; lastKnownFileType = file.storyboard; name = Base; path = Base.lproj/Main.storyboard; sourceTree = "<group>"; };
		B04B5B822058532C00FBF999 /* Assets.xcassets */ = {isa = PBXFileReference; lastKnownFileType = folder.assetcatalog; path = Assets.xcassets; sourceTree = "<group>"; };
		B04B5B852058532C00FBF999 /* Base */ = {isa = PBXFileReference; lastKnownFileType = file.storyboard; name = Base; path = Base.lproj/LaunchScreen.storyboard; sourceTree = "<group>"; };
		B04B5B872058532C00FBF999 /* Info.plist */ = {isa = PBXFileReference; lastKnownFileType = text.plist.xml; path = Info.plist; sourceTree = "<group>"; };
		B0813DF92081AA9700979347 /* DrumPadViewModel.swift */ = {isa = PBXFileReference; lastKnownFileType = sourcecode.swift; path = DrumPadViewModel.swift; sourceTree = "<group>"; };
		B081CA042081C1BE00F7732A /* DrumPadCollectionViewCell.swift */ = {isa = PBXFileReference; lastKnownFileType = sourcecode.swift; path = DrumPadCollectionViewCell.swift; sourceTree = "<group>"; };
		B08FA2D82081A6E400700D93 /* DrumPadViewController+UICollectionView.swift */ = {isa = PBXFileReference; lastKnownFileType = sourcecode.swift; path = "DrumPadViewController+UICollectionView.swift"; sourceTree = "<group>"; };
		B0B3E3A12083E73800275C1E /* kick.wav */ = {isa = PBXFileReference; lastKnownFileType = audio.wav; path = kick.wav; sourceTree = "<group>"; };
		B0B3E3A32083EB3B00275C1E /* DrumPadCollectionViewFlowLayout.swift */ = {isa = PBXFileReference; lastKnownFileType = sourcecode.swift; path = DrumPadCollectionViewFlowLayout.swift; sourceTree = "<group>"; };
		B0E27AE020740AEE0035EA19 /* UIColor.swift */ = {isa = PBXFileReference; lastKnownFileType = sourcecode.swift; path = UIColor.swift; sourceTree = "<group>"; };
		B0E27AE42075223B0035EA19 /* AudioSampler.swift */ = {isa = PBXFileReference; lastKnownFileType = sourcecode.swift; path = AudioSampler.swift; sourceTree = "<group>"; };
		BD74B333B62641EF46D46E9C /* Pods-drumpad.debug.xcconfig */ = {isa = PBXFileReference; includeInIndex = 1; lastKnownFileType = text.xcconfig; name = "Pods-drumpad.debug.xcconfig"; path = "Pods/Target Support Files/Pods-drumpad/Pods-drumpad.debug.xcconfig"; sourceTree = "<group>"; };
		CEFE84DF7956519BAA27E3BE /* libPods-drumpad.a */ = {isa = PBXFileReference; explicitFileType = archive.ar; includeInIndex = 0; path = "libPods-drumpad.a"; sourceTree = BUILT_PRODUCTS_DIR; };
/* End PBXFileReference section */

/* Begin PBXFrameworksBuildPhase section */
		B04B5B752058532C00FBF999 /* Frameworks */ = {
			isa = PBXFrameworksBuildPhase;
			buildActionMask = 2147483647;
			files = (
				36BFFD01524845461638D909 /* libPods-drumpad.a in Frameworks */,
			);
			runOnlyForDeploymentPostprocessing = 0;
		};
/* End PBXFrameworksBuildPhase section */

/* Begin PBXGroup section */
		33C938F5FF83363B4D53C64B /* Frameworks */ = {
			isa = PBXGroup;
			children = (
				CEFE84DF7956519BAA27E3BE /* libPods-drumpad.a */,
			);
			name = Frameworks;
			sourceTree = "<group>";
		};
		B04B5B6F2058532C00FBF999 = {
			isa = PBXGroup;
			children = (
				B04B5B7A2058532C00FBF999 /* drumpad */,
				B04B5B792058532C00FBF999 /* Products */,
				FBF9E25C28BDE7F37ED558D7 /* Pods */,
				33C938F5FF83363B4D53C64B /* Frameworks */,
			);
			sourceTree = "<group>";
		};
		B04B5B792058532C00FBF999 /* Products */ = {
			isa = PBXGroup;
			children = (
				B04B5B782058532C00FBF999 /* drumpad.app */,
			);
			name = Products;
			sourceTree = "<group>";
		};
		B04B5B7A2058532C00FBF999 /* drumpad */ = {
			isa = PBXGroup;
			children = (
				B0B3E3A12083E73800275C1E /* kick.wav */,
				B04B5B7B2058532C00FBF999 /* AppDelegate.swift */,
				B0E27AE42075223B0035EA19 /* AudioSampler.swift */,
				B0813DF92081AA9700979347 /* DrumPadViewModel.swift */,
				B04B5B7D2058532C00FBF999 /* DrumPadViewController.swift */,
				B08FA2D82081A6E400700D93 /* DrumPadViewController+UICollectionView.swift */,
				B0B3E3A32083EB3B00275C1E /* DrumPadCollectionViewFlowLayout.swift */,
				B081CA042081C1BE00F7732A /* DrumPadCollectionViewCell.swift */,
				B0E27AE020740AEE0035EA19 /* UIColor.swift */,
				B04B5B7F2058532C00FBF999 /* Main.storyboard */,
				B04B5B822058532C00FBF999 /* Assets.xcassets */,
				B04B5B842058532C00FBF999 /* LaunchScreen.storyboard */,
				B04B5B872058532C00FBF999 /* Info.plist */,
			);
			path = drumpad;
			sourceTree = "<group>";
		};
		FBF9E25C28BDE7F37ED558D7 /* Pods */ = {
			isa = PBXGroup;
			children = (
				BD74B333B62641EF46D46E9C /* Pods-drumpad.debug.xcconfig */,
				391380ABF586372BA59AAE89 /* Pods-drumpad.release.xcconfig */,
			);
			name = Pods;
			sourceTree = "<group>";
		};
/* End PBXGroup section */

/* Begin PBXNativeTarget section */
		B04B5B772058532C00FBF999 /* drumpad */ = {
			isa = PBXNativeTarget;
			buildConfigurationList = B04B5B8A2058532C00FBF999 /* Build configuration list for PBXNativeTarget "drumpad" */;
			buildPhases = (
				D4D07DA2471887F1D04C2164 /* [CP] Check Pods Manifest.lock */,
				B04B5B742058532C00FBF999 /* Sources */,
				B04B5B752058532C00FBF999 /* Frameworks */,
				B04B5B762058532C00FBF999 /* Resources */,
				16745E407B7EAC575FA8CF3C /* [CP] Embed Pods Frameworks */,
				36AE891C1341F20847AC7202 /* [CP] Copy Pods Resources */,
			);
			buildRules = (
			);
			dependencies = (
			);
			name = drumpad;
			productName = drumpad;
			productReference = B04B5B782058532C00FBF999 /* drumpad.app */;
			productType = "com.apple.product-type.application";
		};
/* End PBXNativeTarget section */

/* Begin PBXProject section */
		B04B5B702058532C00FBF999 /* Project object */ = {
			isa = PBXProject;
			attributes = {
				LastSwiftUpdateCheck = 0920;
				LastUpgradeCheck = 0930;
				ORGANIZATIONNAME = "Yuri Ramocan";
				TargetAttributes = {
					B04B5B772058532C00FBF999 = {
						CreatedOnToolsVersion = 9.2;
						ProvisioningStyle = Automatic;
					};
				};
			};
			buildConfigurationList = B04B5B732058532C00FBF999 /* Build configuration list for PBXProject "drumpad" */;
			compatibilityVersion = "Xcode 8.0";
			developmentRegion = en;
			hasScannedForEncodings = 0;
			knownRegions = (
				en,
				Base,
			);
			mainGroup = B04B5B6F2058532C00FBF999;
			productRefGroup = B04B5B792058532C00FBF999 /* Products */;
			projectDirPath = "";
			projectRoot = "";
			targets = (
				B04B5B772058532C00FBF999 /* drumpad */,
			);
		};
/* End PBXProject section */

/* Begin PBXResourcesBuildPhase section */
		B04B5B762058532C00FBF999 /* Resources */ = {
			isa = PBXResourcesBuildPhase;
			buildActionMask = 2147483647;
			files = (
				B0B3E3A22083E73800275C1E /* kick.wav in Resources */,
				B04B5B862058532C00FBF999 /* LaunchScreen.storyboard in Resources */,
				B04B5B832058532C00FBF999 /* Assets.xcassets in Resources */,
				B04B5B812058532C00FBF999 /* Main.storyboard in Resources */,
			);
			runOnlyForDeploymentPostprocessing = 0;
		};
/* End PBXResourcesBuildPhase section */

/* Begin PBXShellScriptBuildPhase section */
		16745E407B7EAC575FA8CF3C /* [CP] Embed Pods Frameworks */ = {
			isa = PBXShellScriptBuildPhase;
			buildActionMask = 2147483647;
			files = (
			);
			inputPaths = (
				"${SRCROOT}/Pods/Target Support Files/Pods-drumpad/Pods-drumpad-frameworks.sh",
				"${PODS_ROOT}/AudioKit/iOS/AudioKit.framework",
				"${PODS_ROOT}/AudioKit/iOS/AudioKitUI.framework",
			);
			name = "[CP] Embed Pods Frameworks";
			outputPaths = (
				"${TARGET_BUILD_DIR}/${FRAMEWORKS_FOLDER_PATH}/AudioKit.framework",
				"${TARGET_BUILD_DIR}/${FRAMEWORKS_FOLDER_PATH}/AudioKitUI.framework",
			);
			runOnlyForDeploymentPostprocessing = 0;
			shellPath = /bin/sh;
			shellScript = "\"${SRCROOT}/Pods/Target Support Files/Pods-drumpad/Pods-drumpad-frameworks.sh\"\n";
			showEnvVarsInLog = 0;
		};
		36AE891C1341F20847AC7202 /* [CP] Copy Pods Resources */ = {
			isa = PBXShellScriptBuildPhase;
			buildActionMask = 2147483647;
			files = (
			);
			inputPaths = (
			);
			name = "[CP] Copy Pods Resources";
			outputPaths = (
			);
			runOnlyForDeploymentPostprocessing = 0;
			shellPath = /bin/sh;
			shellScript = "\"${SRCROOT}/Pods/Target Support Files/Pods-drumpad/Pods-drumpad-resources.sh\"\n";
			showEnvVarsInLog = 0;
		};
		D4D07DA2471887F1D04C2164 /* [CP] Check Pods Manifest.lock */ = {
			isa = PBXShellScriptBuildPhase;
			buildActionMask = 2147483647;
			files = (
			);
			inputPaths = (
				"${PODS_PODFILE_DIR_PATH}/Podfile.lock",
				"${PODS_ROOT}/Manifest.lock",
			);
			name = "[CP] Check Pods Manifest.lock";
			outputPaths = (
				"$(DERIVED_FILE_DIR)/Pods-drumpad-checkManifestLockResult.txt",
			);
			runOnlyForDeploymentPostprocessing = 0;
			shellPath = /bin/sh;
			shellScript = "diff \"${PODS_PODFILE_DIR_PATH}/Podfile.lock\" \"${PODS_ROOT}/Manifest.lock\" > /dev/null\nif [ $? != 0 ] ; then\n    # print error to STDERR\n    echo \"error: The sandbox is not in sync with the Podfile.lock. Run 'pod install' or update your CocoaPods installation.\" >&2\n    exit 1\nfi\n# This output is used by Xcode 'outputs' to avoid re-running this script phase.\necho \"SUCCESS\" > \"${SCRIPT_OUTPUT_FILE_0}\"\n";
			showEnvVarsInLog = 0;
		};
/* End PBXShellScriptBuildPhase section */

/* Begin PBXSourcesBuildPhase section */
		B04B5B742058532C00FBF999 /* Sources */ = {
			isa = PBXSourcesBuildPhase;
			buildActionMask = 2147483647;
			files = (
				B0E27AE52075223B0035EA19 /* AudioSampler.swift in Sources */,
				B08FA2D92081A6E400700D93 /* DrumPadViewController+UICollectionView.swift in Sources */,
				B0B3E3A42083EB3B00275C1E /* DrumPadCollectionViewFlowLayout.swift in Sources */,
				B0813DFA2081AA9800979347 /* DrumPadViewModel.swift in Sources */,
				B0E27AE120740AEE0035EA19 /* UIColor.swift in Sources */,
				B04B5B7E2058532C00FBF999 /* DrumPadViewController.swift in Sources */,
				B081CA062081C1BE00F7732A /* DrumPadCollectionViewCell.swift in Sources */,
				B04B5B7C2058532C00FBF999 /* AppDelegate.swift in Sources */,
			);
			runOnlyForDeploymentPostprocessing = 0;
		};
/* End PBXSourcesBuildPhase section */

/* Begin PBXVariantGroup section */
		B04B5B7F2058532C00FBF999 /* Main.storyboard */ = {
			isa = PBXVariantGroup;
			children = (
				B04B5B802058532C00FBF999 /* Base */,
			);
			name = Main.storyboard;
			sourceTree = "<group>";
		};
		B04B5B842058532C00FBF999 /* LaunchScreen.storyboard */ = {
			isa = PBXVariantGroup;
			children = (
				B04B5B852058532C00FBF999 /* Base */,
			);
			name = LaunchScreen.storyboard;
			sourceTree = "<group>";
		};
/* End PBXVariantGroup section */

/* Begin XCBuildConfiguration section */
		B04B5B882058532C00FBF999 /* Debug */ = {
			isa = XCBuildConfiguration;
			buildSettings = {
				ALWAYS_SEARCH_USER_PATHS = NO;
				CLANG_ANALYZER_NONNULL = YES;
				CLANG_ANALYZER_NUMBER_OBJECT_CONVERSION = YES_AGGRESSIVE;
				CLANG_CXX_LANGUAGE_STANDARD = "gnu++14";
				CLANG_CXX_LIBRARY = "libc++";
				CLANG_ENABLE_MODULES = YES;
				CLANG_ENABLE_OBJC_ARC = YES;
				CLANG_WARN_BLOCK_CAPTURE_AUTORELEASING = YES;
				CLANG_WARN_BOOL_CONVERSION = YES;
				CLANG_WARN_COMMA = YES;
				CLANG_WARN_CONSTANT_CONVERSION = YES;
				CLANG_WARN_DEPRECATED_OBJC_IMPLEMENTATIONS = YES;
				CLANG_WARN_DIRECT_OBJC_ISA_USAGE = YES_ERROR;
				CLANG_WARN_DOCUMENTATION_COMMENTS = YES;
				CLANG_WARN_EMPTY_BODY = YES;
				CLANG_WARN_ENUM_CONVERSION = YES;
				CLANG_WARN_INFINITE_RECURSION = YES;
				CLANG_WARN_INT_CONVERSION = YES;
				CLANG_WARN_NON_LITERAL_NULL_CONVERSION = YES;
				CLANG_WARN_OBJC_IMPLICIT_RETAIN_SELF = YES;
				CLANG_WARN_OBJC_LITERAL_CONVERSION = YES;
				CLANG_WARN_OBJC_ROOT_CLASS = YES_ERROR;
				CLANG_WARN_RANGE_LOOP_ANALYSIS = YES;
				CLANG_WARN_STRICT_PROTOTYPES = YES;
				CLANG_WARN_SUSPICIOUS_MOVE = YES;
				CLANG_WARN_UNGUARDED_AVAILABILITY = YES_AGGRESSIVE;
				CLANG_WARN_UNREACHABLE_CODE = YES;
				CLANG_WARN__DUPLICATE_METHOD_MATCH = YES;
				CODE_SIGN_IDENTITY = "iPhone Developer";
				COPY_PHASE_STRIP = NO;
				DEBUG_INFORMATION_FORMAT = dwarf;
				ENABLE_STRICT_OBJC_MSGSEND = YES;
				ENABLE_TESTABILITY = YES;
				GCC_C_LANGUAGE_STANDARD = gnu11;
				GCC_DYNAMIC_NO_PIC = NO;
				GCC_NO_COMMON_BLOCKS = YES;
				GCC_OPTIMIZATION_LEVEL = 0;
				GCC_PREPROCESSOR_DEFINITIONS = (
					"DEBUG=1",
					"$(inherited)",
				);
				GCC_WARN_64_TO_32_BIT_CONVERSION = YES;
				GCC_WARN_ABOUT_RETURN_TYPE = YES_ERROR;
				GCC_WARN_UNDECLARED_SELECTOR = YES;
				GCC_WARN_UNINITIALIZED_AUTOS = YES_AGGRESSIVE;
				GCC_WARN_UNUSED_FUNCTION = YES;
				GCC_WARN_UNUSED_VARIABLE = YES;
				IPHONEOS_DEPLOYMENT_TARGET = 9.0;
				MTL_ENABLE_DEBUG_INFO = YES;
				ONLY_ACTIVE_ARCH = YES;
				SDKROOT = iphoneos;
				SWIFT_ACTIVE_COMPILATION_CONDITIONS = DEBUG;
				SWIFT_OPTIMIZATION_LEVEL = "-Onone";
			};
			name = Debug;
		};
		B04B5B892058532C00FBF999 /* Release */ = {
			isa = XCBuildConfiguration;
			buildSettings = {
				ALWAYS_SEARCH_USER_PATHS = NO;
				CLANG_ANALYZER_NONNULL = YES;
				CLANG_ANALYZER_NUMBER_OBJECT_CONVERSION = YES_AGGRESSIVE;
				CLANG_CXX_LANGUAGE_STANDARD = "gnu++14";
				CLANG_CXX_LIBRARY = "libc++";
				CLANG_ENABLE_MODULES = YES;
				CLANG_ENABLE_OBJC_ARC = YES;
				CLANG_WARN_BLOCK_CAPTURE_AUTORELEASING = YES;
				CLANG_WARN_BOOL_CONVERSION = YES;
				CLANG_WARN_COMMA = YES;
				CLANG_WARN_CONSTANT_CONVERSION = YES;
				CLANG_WARN_DEPRECATED_OBJC_IMPLEMENTATIONS = YES;
				CLANG_WARN_DIRECT_OBJC_ISA_USAGE = YES_ERROR;
				CLANG_WARN_DOCUMENTATION_COMMENTS = YES;
				CLANG_WARN_EMPTY_BODY = YES;
				CLANG_WARN_ENUM_CONVERSION = YES;
				CLANG_WARN_INFINITE_RECURSION = YES;
				CLANG_WARN_INT_CONVERSION = YES;
				CLANG_WARN_NON_LITERAL_NULL_CONVERSION = YES;
				CLANG_WARN_OBJC_IMPLICIT_RETAIN_SELF = YES;
				CLANG_WARN_OBJC_LITERAL_CONVERSION = YES;
				CLANG_WARN_OBJC_ROOT_CLASS = YES_ERROR;
				CLANG_WARN_RANGE_LOOP_ANALYSIS = YES;
				CLANG_WARN_STRICT_PROTOTYPES = YES;
				CLANG_WARN_SUSPICIOUS_MOVE = YES;
				CLANG_WARN_UNGUARDED_AVAILABILITY = YES_AGGRESSIVE;
				CLANG_WARN_UNREACHABLE_CODE = YES;
				CLANG_WARN__DUPLICATE_METHOD_MATCH = YES;
				CODE_SIGN_IDENTITY = "iPhone Developer";
				COPY_PHASE_STRIP = NO;
				DEBUG_INFORMATION_FORMAT = "dwarf-with-dsym";
				ENABLE_NS_ASSERTIONS = NO;
				ENABLE_STRICT_OBJC_MSGSEND = YES;
				GCC_C_LANGUAGE_STANDARD = gnu11;
				GCC_NO_COMMON_BLOCKS = YES;
				GCC_WARN_64_TO_32_BIT_CONVERSION = YES;
				GCC_WARN_ABOUT_RETURN_TYPE = YES_ERROR;
				GCC_WARN_UNDECLARED_SELECTOR = YES;
				GCC_WARN_UNINITIALIZED_AUTOS = YES_AGGRESSIVE;
				GCC_WARN_UNUSED_FUNCTION = YES;
				GCC_WARN_UNUSED_VARIABLE = YES;
				IPHONEOS_DEPLOYMENT_TARGET = 9.0;
				MTL_ENABLE_DEBUG_INFO = NO;
				SDKROOT = iphoneos;
				SWIFT_OPTIMIZATION_LEVEL = "-Owholemodule";
				VALIDATE_PRODUCT = YES;
			};
			name = Release;
		};
		B04B5B8B2058532C00FBF999 /* Debug */ = {
			isa = XCBuildConfiguration;
			baseConfigurationReference = BD74B333B62641EF46D46E9C /* Pods-drumpad.debug.xcconfig */;
			buildSettings = {
				ASSETCATALOG_COMPILER_APPICON_NAME = AppIcon;
				CODE_SIGN_STYLE = Automatic;
				DEVELOPMENT_TEAM = JFW9B39RP7;
				INFOPLIST_FILE = drumpad/Info.plist;
				LD_RUNPATH_SEARCH_PATHS = "$(inherited) @executable_path/Frameworks";
				PRODUCT_BUNDLE_IDENTIFIER = com.yuriramocan.drumpad;
				PRODUCT_NAME = "$(TARGET_NAME)";
				SWIFT_VERSION = 4.0;
				TARGETED_DEVICE_FAMILY = "1,2";
			};
			name = Debug;
		};
		B04B5B8C2058532C00FBF999 /* Release */ = {
			isa = XCBuildConfiguration;
			baseConfigurationReference = 391380ABF586372BA59AAE89 /* Pods-drumpad.release.xcconfig */;
			buildSettings = {
				ASSETCATALOG_COMPILER_APPICON_NAME = AppIcon;
				CODE_SIGN_STYLE = Automatic;
				DEVELOPMENT_TEAM = JFW9B39RP7;
				INFOPLIST_FILE = drumpad/Info.plist;
				LD_RUNPATH_SEARCH_PATHS = "$(inherited) @executable_path/Frameworks";
				PRODUCT_BUNDLE_IDENTIFIER = com.yuriramocan.drumpad;
				PRODUCT_NAME = "$(TARGET_NAME)";
				SWIFT_VERSION = 4.0;
				TARGETED_DEVICE_FAMILY = "1,2";
			};
			name = Release;
		};
/* End XCBuildConfiguration section */

/* Begin XCConfigurationList section */
		B04B5B732058532C00FBF999 /* Build configuration list for PBXProject "drumpad" */ = {
			isa = XCConfigurationList;
			buildConfigurations = (
				B04B5B882058532C00FBF999 /* Debug */,
				B04B5B892058532C00FBF999 /* Release */,
			);
			defaultConfigurationIsVisible = 0;
			defaultConfigurationName = Release;
		};
		B04B5B8A2058532C00FBF999 /* Build configuration list for PBXNativeTarget "drumpad" */ = {
			isa = XCConfigurationList;
			buildConfigurations = (
				B04B5B8B2058532C00FBF999 /* Debug */,
				B04B5B8C2058532C00FBF999 /* Release */,
			);
			defaultConfigurationIsVisible = 0;
			defaultConfigurationName = Release;
		};
/* End XCConfigurationList section */
	};
	rootObject = B04B5B702058532C00FBF999 /* Project object */;
}
